// !$*UTF8*$!
{
	archiveVersion = 1;
	classes = {
	};
	objectVersion = 46;
	objects = {

/* Begin PBXBuildFile section */
		D518A72E1C51A71D009FFC1C /* main.m in Sources */ = {isa = PBXBuildFile; fileRef = D518A72D1C51A71D009FFC1C /* main.m */; };
		D518A7341C51A71D009FFC1C /* ViewController.m in Sources */ = {isa = PBXBuildFile; fileRef = D518A7331C51A71D009FFC1C /* ViewController.m */; };
		D518A7391C51A71D009FFC1C /* Images.xcassets in Resources */ = {isa = PBXBuildFile; fileRef = D518A7381C51A71D009FFC1C /* Images.xcassets */; };
		D518A73C1C51A71D009FFC1C /* LaunchScreen.xib in Resources */ = {isa = PBXBuildFile; fileRef = D518A73A1C51A71D009FFC1C /* LaunchScreen.xib */; };
		D518A7481C51A71D009FFC1C /* flappyBirdTests.m in Sources */ = {isa = PBXBuildFile; fileRef = D518A7471C51A71D009FFC1C /* flappyBirdTests.m */; };
		D518A77D1C51AEAD009FFC1C /* night.png in Resources */ = {isa = PBXBuildFile; fileRef = D518A7541C51AEAD009FFC1C /* night.png */; };
		D518A77E1C51AEAD009FFC1C /* road.png in Resources */ = {isa = PBXBuildFile; fileRef = D518A7551C51AEAD009FFC1C /* road.png */; };
		D518A7811C51AEAD009FFC1C /* 06.png in Resources */ = {isa = PBXBuildFile; fileRef = D518A7581C51AEAD009FFC1C /* 06.png */; };
		D518A7821C51AEAD009FFC1C /* 07.png in Resources */ = {isa = PBXBuildFile; fileRef = D518A7591C51AEAD009FFC1C /* 07.png */; };
		D518A7831C51AEAD009FFC1C /* 08.png in Resources */ = {isa = PBXBuildFile; fileRef = D518A75A1C51AEAD009FFC1C /* 08.png */; };
		D518A78B1C51AEAD009FFC1C /* gameover.png in Resources */ = {isa = PBXBuildFile; fileRef = D518A7621C51AEAD009FFC1C /* gameover.png */; };
		D518A78D1C51AEAD009FFC1C /* main.png in Resources */ = {isa = PBXBuildFile; fileRef = D518A7641C51AEAD009FFC1C /* main.png */; };
		D518A78F1C51AEAD009FFC1C /* pipe.png in Resources */ = {isa = PBXBuildFile; fileRef = D518A7661C51AEAD009FFC1C /* pipe.png */; };
		D518A7921C51AEAD009FFC1C /* rank.png in Resources */ = {isa = PBXBuildFile; fileRef = D518A7691C51AEAD009FFC1C /* rank.png */; };
		D518A7931C51AEAD009FFC1C /* rate.png in Resources */ = {isa = PBXBuildFile; fileRef = D518A76A1C51AEAD009FFC1C /* rate.png */; };
		D518A7941C51AEAD009FFC1C /* ready.png in Resources */ = {isa = PBXBuildFile; fileRef = D518A76B1C51AEAD009FFC1C /* ready.png */; };
		D518A7951C51AEAD009FFC1C /* ready2.png in Resources */ = {isa = PBXBuildFile; fileRef = D518A76C1C51AEAD009FFC1C /* ready2.png */; };
		D518A7961C51AEAD009FFC1C /* score.png in Resources */ = {isa = PBXBuildFile; fileRef = D518A76D1C51AEAD009FFC1C /* score.png */; };
		D518A7971C51AEAD009FFC1C /* start.png in Resources */ = {isa = PBXBuildFile; fileRef = D518A76E1C51AEAD009FFC1C /* start.png */; };
		D518A7981C51AEAD009FFC1C /* tap.png in Resources */ = {isa = PBXBuildFile; fileRef = D518A76F1C51AEAD009FFC1C /* tap.png */; };
		D52CAFA81C54EDBB00E1128F /* DataTool.m in Sources */ = {isa = PBXBuildFile; fileRef = D52CAFA71C54EDBB00E1128F /* DataTool.m */; };
		D53B384A1C54A65800829D40 /* GameViewController.m in Sources */ = {isa = PBXBuildFile; fileRef = D53B38491C54A65800829D40 /* GameViewController.m */; };
		D53B384D1C54A97000829D40 /* RateViewController.m in Sources */ = {isa = PBXBuildFile; fileRef = D53B384C1C54A97000829D40 /* RateViewController.m */; };
		D53B38531C54C8B900829D40 /* sounds.bundle in Resources */ = {isa = PBXBuildFile; fileRef = D53B38521C54C8B900829D40 /* sounds.bundle */; };
		D53B38571C54CA5F00829D40 /* SoundTool.m in Sources */ = {isa = PBXBuildFile; fileRef = D53B38561C54CA5F00829D40 /* SoundTool.m */; };
		D53B385C1C54CA8900829D40 /* AppDelegate.m in Sources */ = {isa = PBXBuildFile; fileRef = D53B385A1C54CA8900829D40 /* AppDelegate.m */; };
		D55BAFAA1C53BD830048FFE0 /* bird1.png in Resources */ = {isa = PBXBuildFile; fileRef = D55BAFA71C53BD830048FFE0 /* bird1.png */; };
		D55BAFAB1C53BD830048FFE0 /* bird2.png in Resources */ = {isa = PBXBuildFile; fileRef = D55BAFA81C53BD830048FFE0 /* bird2.png */; };
		D55BAFAC1C53BD830048FFE0 /* bird3.png in Resources */ = {isa = PBXBuildFile; fileRef = D55BAFA91C53BD830048FFE0 /* bird3.png */; };
		D55BAFAE1C53C4340048FFE0 /* bg.png in Resources */ = {isa = PBXBuildFile; fileRef = D55BAFAD1C53C4340048FFE0 /* bg.png */; };
/* End PBXBuildFile section */

/* Begin PBXContainerItemProxy section */
		D518A7421C51A71D009FFC1C /* PBXContainerItemProxy */ = {
			isa = PBXContainerItemProxy;
			containerPortal = D518A7201C51A71D009FFC1C /* Project object */;
			proxyType = 1;
			remoteGlobalIDString = D518A7271C51A71D009FFC1C;
			remoteInfo = flappyBird;
		};
/* End PBXContainerItemProxy section */

/* Begin PBXFileReference section */
		D518A7281C51A71D009FFC1C /* flappyBird.app */ = {isa = PBXFileReference; explicitFileType = wrapper.application; includeInIndex = 0; path = flappyBird.app; sourceTree = BUILT_PRODUCTS_DIR; };
		D518A72C1C51A71D009FFC1C /* Info.plist */ = {isa = PBXFileReference; lastKnownFileType = text.plist.xml; path = Info.plist; sourceTree = "<group>"; };
		D518A72D1C51A71D009FFC1C /* main.m */ = {isa = PBXFileReference; lastKnownFileType = sourcecode.c.objc; path = main.m; sourceTree = "<group>"; };
		D518A7321C51A71D009FFC1C /* ViewController.h */ = {isa = PBXFileReference; lastKnownFileType = sourcecode.c.h; path = ViewController.h; sourceTree = "<group>"; };
		D518A7331C51A71D009FFC1C /* ViewController.m */ = {isa = PBXFileReference; lastKnownFileType = sourcecode.c.objc; path = ViewController.m; sourceTree = "<group>"; };
		D518A7381C51A71D009FFC1C /* Images.xcassets */ = {isa = PBXFileReference; lastKnownFileType = folder.assetcatalog; path = Images.xcassets; sourceTree = "<group>"; };
		D518A73B1C51A71D009FFC1C /* Base */ = {isa = PBXFileReference; lastKnownFileType = file.xib; name = Base; path = Base.lproj/LaunchScreen.xib; sourceTree = "<group>"; };
		D518A7411C51A71D009FFC1C /* flappyBirdTests.xctest */ = {isa = PBXFileReference; explicitFileType = wrapper.cfbundle; includeInIndex = 0; path = flappyBirdTests.xctest; sourceTree = BUILT_PRODUCTS_DIR; };
		D518A7461C51A71D009FFC1C /* Info.plist */ = {isa = PBXFileReference; lastKnownFileType = text.plist.xml; path = Info.plist; sourceTree = "<group>"; };
		D518A7471C51A71D009FFC1C /* flappyBirdTests.m */ = {isa = PBXFileReference; lastKnownFileType = sourcecode.c.objc; path = flappyBirdTests.m; sourceTree = "<group>"; };
		D518A7541C51AEAD009FFC1C /* night.png */ = {isa = PBXFileReference; lastKnownFileType = image.png; path = night.png; sourceTree = "<group>"; };
		D518A7551C51AEAD009FFC1C /* road.png */ = {isa = PBXFileReference; lastKnownFileType = image.png; path = road.png; sourceTree = "<group>"; };
		D518A7581C51AEAD009FFC1C /* 06.png */ = {isa = PBXFileReference; lastKnownFileType = image.png; path = 06.png; sourceTree = "<group>"; };
		D518A7591C51AEAD009FFC1C /* 07.png */ = {isa = PBXFileReference; lastKnownFileType = image.png; path = 07.png; sourceTree = "<group>"; };
		D518A75A1C51AEAD009FFC1C /* 08.png */ = {isa = PBXFileReference; lastKnownFileType = image.png; path = 08.png; sourceTree = "<group>"; };
		D518A7621C51AEAD009FFC1C /* gameover.png */ = {isa = PBXFileReference; lastKnownFileType = image.png; path = gameover.png; sourceTree = "<group>"; };
		D518A7641C51AEAD009FFC1C /* main.png */ = {isa = PBXFileReference; lastKnownFileType = image.png; path = main.png; sourceTree = "<group>"; };
		D518A7661C51AEAD009FFC1C /* pipe.png */ = {isa = PBXFileReference; lastKnownFileType = image.png; path = pipe.png; sourceTree = "<group>"; };
		D518A7691C51AEAD009FFC1C /* rank.png */ = {isa = PBXFileReference; lastKnownFileType = image.png; path = rank.png; sourceTree = "<group>"; };
		D518A76A1C51AEAD009FFC1C /* rate.png */ = {isa = PBXFileReference; lastKnownFileType = image.png; path = rate.png; sourceTree = "<group>"; };
		D518A76B1C51AEAD009FFC1C /* ready.png */ = {isa = PBXFileReference; lastKnownFileType = image.png; path = ready.png; sourceTree = "<group>"; };
		D518A76C1C51AEAD009FFC1C /* ready2.png */ = {isa = PBXFileReference; lastKnownFileType = image.png; path = ready2.png; sourceTree = "<group>"; };
		D518A76D1C51AEAD009FFC1C /* score.png */ = {isa = PBXFileReference; lastKnownFileType = image.png; path = score.png; sourceTree = "<group>"; };
		D518A76E1C51AEAD009FFC1C /* start.png */ = {isa = PBXFileReference; lastKnownFileType = image.png; path = start.png; sourceTree = "<group>"; };
		D518A76F1C51AEAD009FFC1C /* tap.png */ = {isa = PBXFileReference; lastKnownFileType = image.png; path = tap.png; sourceTree = "<group>"; };
		D52CAFA61C54EDBB00E1128F /* DataTool.h */ = {isa = PBXFileReference; fileEncoding = 4; lastKnownFileType = sourcecode.c.h; path = DataTool.h; sourceTree = "<group>"; };
		D52CAFA71C54EDBB00E1128F /* DataTool.m */ = {isa = PBXFileReference; fileEncoding = 4; lastKnownFileType = sourcecode.c.objc; path = DataTool.m; sourceTree = "<group>"; };
		D53B38481C54A65800829D40 /* GameViewController.h */ = {isa = PBXFileReference; fileEncoding = 4; lastKnownFileType = sourcecode.c.h; path = GameViewController.h; sourceTree = "<group>"; };
		D53B38491C54A65800829D40 /* GameViewController.m */ = {isa = PBXFileReference; fileEncoding = 4; lastKnownFileType = sourcecode.c.objc; path = GameViewController.m; sourceTree = "<group>"; };
		D53B384B1C54A97000829D40 /* RateViewController.h */ = {isa = PBXFileReference; fileEncoding = 4; lastKnownFileType = sourcecode.c.h; path = RateViewController.h; sourceTree = "<group>"; };
		D53B384C1C54A97000829D40 /* RateViewController.m */ = {isa = PBXFileReference; fileEncoding = 4; lastKnownFileType = sourcecode.c.objc; path = RateViewController.m; sourceTree = "<group>"; };
		D53B38521C54C8B900829D40 /* sounds.bundle */ = {isa = PBXFileReference; lastKnownFileType = "wrapper.plug-in"; path = sounds.bundle; sourceTree = "<group>"; };
		D53B38551C54CA5F00829D40 /* SoundTool.h */ = {isa = PBXFileReference; fileEncoding = 4; lastKnownFileType = sourcecode.c.h; path = SoundTool.h; sourceTree = "<group>"; };
		D53B38561C54CA5F00829D40 /* SoundTool.m */ = {isa = PBXFileReference; fileEncoding = 4; lastKnownFileType = sourcecode.c.objc; path = SoundTool.m; sourceTree = "<group>"; };
		D53B38591C54CA8900829D40 /* AppDelegate.h */ = {isa = PBXFileReference; fileEncoding = 4; lastKnownFileType = sourcecode.c.h; path = AppDelegate.h; sourceTree = "<group>"; };
		D53B385A1C54CA8900829D40 /* AppDelegate.m */ = {isa = PBXFileReference; fileEncoding = 4; lastKnownFileType = sourcecode.c.objc; path = AppDelegate.m; sourceTree = "<group>"; };
		D53B385B1C54CA8900829D40 /* Common.h */ = {isa = PBXFileReference; fileEncoding = 4; lastKnownFileType = sourcecode.c.h; path = Common.h; sourceTree = "<group>"; };
		D55BAFA71C53BD830048FFE0 /* bird1.png */ = {isa = PBXFileReference; lastKnownFileType = image.png; path = bird1.png; sourceTree = "<group>"; };
		D55BAFA81C53BD830048FFE0 /* bird2.png */ = {isa = PBXFileReference; lastKnownFileType = image.png; path = bird2.png; sourceTree = "<group>"; };
		D55BAFA91C53BD830048FFE0 /* bird3.png */ = {isa = PBXFileReference; lastKnownFileType = image.png; path = bird3.png; sourceTree = "<group>"; };
		D55BAFAD1C53C4340048FFE0 /* bg.png */ = {isa = PBXFileReference; lastKnownFileType = image.png; path = bg.png; sourceTree = "<group>"; };
/* End PBXFileReference section */

/* Begin PBXFrameworksBuildPhase section */
		D518A7251C51A71D009FFC1C /* Frameworks */ = {
			isa = PBXFrameworksBuildPhase;
			buildActionMask = 2147483647;
			files = (
			);
			runOnlyForDeploymentPostprocessing = 0;
		};
		D518A73E1C51A71D009FFC1C /* Frameworks */ = {
			isa = PBXFrameworksBuildPhase;
			buildActionMask = 2147483647;
			files = (
			);
			runOnlyForDeploymentPostprocessing = 0;
		};
/* End PBXFrameworksBuildPhase section */

/* Begin PBXGroup section */
		D518A71F1C51A71D009FFC1C = {
			isa = PBXGroup;
			children = (
				D518A72A1C51A71D009FFC1C /* flappyBird */,
				D518A7441C51A71D009FFC1C /* flappyBirdTests */,
				D518A7291C51A71D009FFC1C /* Products */,
			);
			sourceTree = "<group>";
		};
		D518A7291C51A71D009FFC1C /* Products */ = {
			isa = PBXGroup;
			children = (
				D518A7281C51A71D009FFC1C /* flappyBird.app */,
				D518A7411C51A71D009FFC1C /* flappyBirdTests.xctest */,
			);
			name = Products;
			sourceTree = "<group>";
		};
		D518A72A1C51A71D009FFC1C /* flappyBird */ = {
			isa = PBXGroup;
			children = (
				D53B38521C54C8B900829D40 /* sounds.bundle */,
				D53B38541C54CA5F00829D40 /* Tool */,
				D53B38581C54CA8900829D40 /* Other */,
				D518A7321C51A71D009FFC1C /* ViewController.h */,
				D518A7331C51A71D009FFC1C /* ViewController.m */,
				D53B38481C54A65800829D40 /* GameViewController.h */,
				D53B38491C54A65800829D40 /* GameViewController.m */,
				D53B384B1C54A97000829D40 /* RateViewController.h */,
				D53B384C1C54A97000829D40 /* RateViewController.m */,
				D518A7381C51A71D009FFC1C /* Images.xcassets */,
				D518A73A1C51A71D009FFC1C /* LaunchScreen.xib */,
				D518A72B1C51A71D009FFC1C /* Supporting Files */,
			);
			path = flappyBird;
			sourceTree = "<group>";
		};
		D518A72B1C51A71D009FFC1C /* Supporting Files */ = {
			isa = PBXGroup;
			children = (
				D518A7511C51AEAD009FFC1C /* resource */,
				D518A72C1C51A71D009FFC1C /* Info.plist */,
				D518A72D1C51A71D009FFC1C /* main.m */,
			);
			name = "Supporting Files";
			sourceTree = "<group>";
		};
		D518A7441C51A71D009FFC1C /* flappyBirdTests */ = {
			isa = PBXGroup;
			children = (
				D518A7471C51A71D009FFC1C /* flappyBirdTests.m */,
				D518A7451C51A71D009FFC1C /* Supporting Files */,
			);
			path = flappyBirdTests;
			sourceTree = "<group>";
		};
		D518A7451C51A71D009FFC1C /* Supporting Files */ = {
			isa = PBXGroup;
			children = (
				D518A7461C51A71D009FFC1C /* Info.plist */,
			);
			name = "Supporting Files";
			sourceTree = "<group>";
		};
		D518A7511C51AEAD009FFC1C /* resource */ = {
			isa = PBXGroup;
			children = (
				D518A7521C51AEAD009FFC1C /* images */,
			);
			path = resource;
			sourceTree = "<group>";
		};
		D518A7521C51AEAD009FFC1C /* images */ = {
			isa = PBXGroup;
			children = (
				D518A7541C51AEAD009FFC1C /* night.png */,
				D518A7551C51AEAD009FFC1C /* road.png */,
				D518A7581C51AEAD009FFC1C /* 06.png */,
				D518A7591C51AEAD009FFC1C /* 07.png */,
				D518A75A1C51AEAD009FFC1C /* 08.png */,
				D55BAFAD1C53C4340048FFE0 /* bg.png */,
				D55BAFA71C53BD830048FFE0 /* bird1.png */,
				D55BAFA81C53BD830048FFE0 /* bird2.png */,
				D55BAFA91C53BD830048FFE0 /* bird3.png */,
				D518A7621C51AEAD009FFC1C /* gameover.png */,
				D518A7641C51AEAD009FFC1C /* main.png */,
				D518A7661C51AEAD009FFC1C /* pipe.png */,
				D518A7691C51AEAD009FFC1C /* rank.png */,
				D518A76A1C51AEAD009FFC1C /* rate.png */,
				D518A76B1C51AEAD009FFC1C /* ready.png */,
				D518A76C1C51AEAD009FFC1C /* ready2.png */,
				D518A76D1C51AEAD009FFC1C /* score.png */,
				D518A76E1C51AEAD009FFC1C /* start.png */,
				D518A76F1C51AEAD009FFC1C /* tap.png */,
			);
			path = images;
			sourceTree = "<group>";
		};
		D53B38541C54CA5F00829D40 /* Tool */ = {
			isa = PBXGroup;
			children = (
				D53B38551C54CA5F00829D40 /* SoundTool.h */,
				D53B38561C54CA5F00829D40 /* SoundTool.m */,
				D52CAFA61C54EDBB00E1128F /* DataTool.h */,
				D52CAFA71C54EDBB00E1128F /* DataTool.m */,
			);
			path = Tool;
			sourceTree = "<group>";
		};
		D53B38581C54CA8900829D40 /* Other */ = {
			isa = PBXGroup;
			children = (
				D53B38591C54CA8900829D40 /* AppDelegate.h */,
				D53B385A1C54CA8900829D40 /* AppDelegate.m */,
				D53B385B1C54CA8900829D40 /* Common.h */,
			);
			path = Other;
			sourceTree = "<group>";
		};
/* End PBXGroup section */

/* Begin PBXNativeTarget section */
		D518A7271C51A71D009FFC1C /* flappyBird */ = {
			isa = PBXNativeTarget;
			buildConfigurationList = D518A74B1C51A71D009FFC1C /* Build configuration list for PBXNativeTarget "flappyBird" */;
			buildPhases = (
				D518A7241C51A71D009FFC1C /* Sources */,
				D518A7251C51A71D009FFC1C /* Frameworks */,
				D518A7261C51A71D009FFC1C /* Resources */,
			);
			buildRules = (
			);
			dependencies = (
			);
			name = flappyBird;
			productName = flappyBird;
			productReference = D518A7281C51A71D009FFC1C /* flappyBird.app */;
			productType = "com.apple.product-type.application";
		};
		D518A7401C51A71D009FFC1C /* flappyBirdTests */ = {
			isa = PBXNativeTarget;
			buildConfigurationList = D518A74E1C51A71D009FFC1C /* Build configuration list for PBXNativeTarget "flappyBirdTests" */;
			buildPhases = (
				D518A73D1C51A71D009FFC1C /* Sources */,
				D518A73E1C51A71D009FFC1C /* Frameworks */,
				D518A73F1C51A71D009FFC1C /* Resources */,
			);
			buildRules = (
			);
			dependencies = (
				D518A7431C51A71D009FFC1C /* PBXTargetDependency */,
			);
			name = flappyBirdTests;
			productName = flappyBirdTests;
			productReference = D518A7411C51A71D009FFC1C /* flappyBirdTests.xctest */;
			productType = "com.apple.product-type.bundle.unit-test";
		};
/* End PBXNativeTarget section */

/* Begin PBXProject section */
		D518A7201C51A71D009FFC1C /* Project object */ = {
			isa = PBXProject;
			attributes = {
				LastUpgradeCheck = 0640;
				ORGANIZATIONNAME = dengwei;
				TargetAttributes = {
					D518A7271C51A71D009FFC1C = {
						CreatedOnToolsVersion = 6.4;
					};
					D518A7401C51A71D009FFC1C = {
						CreatedOnToolsVersion = 6.4;
						TestTargetID = D518A7271C51A71D009FFC1C;
					};
				};
			};
			buildConfigurationList = D518A7231C51A71D009FFC1C /* Build configuration list for PBXProject "flappyBird" */;
			compatibilityVersion = "Xcode 3.2";
			developmentRegion = English;
			hasScannedForEncodings = 0;
			knownRegions = (
				en,
				Base,
			);
			mainGroup = D518A71F1C51A71D009FFC1C;
			productRefGroup = D518A7291C51A71D009FFC1C /* Products */;
			projectDirPath = "";
			projectRoot = "";
			targets = (
				D518A7271C51A71D009FFC1C /* flappyBird */,
				D518A7401C51A71D009FFC1C /* flappyBirdTests */,
			);
		};
/* End PBXProject section */

/* Begin PBXResourcesBuildPhase section */
		D518A7261C51A71D009FFC1C /* Resources */ = {
			isa = PBXResourcesBuildPhase;
			buildActionMask = 2147483647;
			files = (
				D518A7941C51AEAD009FFC1C /* ready.png in Resources */,
				D53B38531C54C8B900829D40 /* sounds.bundle in Resources */,
				D518A78B1C51AEAD009FFC1C /* gameover.png in Resources */,
				D518A77E1C51AEAD009FFC1C /* road.png in Resources */,
				D518A7931C51AEAD009FFC1C /* rate.png in Resources */,
				D518A7821C51AEAD009FFC1C /* 07.png in Resources */,
				D55BAFAC1C53BD830048FFE0 /* bird3.png in Resources */,
				D518A7981C51AEAD009FFC1C /* tap.png in Resources */,
				D518A73C1C51A71D009FFC1C /* LaunchScreen.xib in Resources */,
				D518A7961C51AEAD009FFC1C /* score.png in Resources */,
				D518A7831C51AEAD009FFC1C /* 08.png in Resources */,
				D518A7921C51AEAD009FFC1C /* rank.png in Resources */,
				D518A7391C51A71D009FFC1C /* Images.xcassets in Resources */,
				D55BAFAB1C53BD830048FFE0 /* bird2.png in Resources */,
				D55BAFAA1C53BD830048FFE0 /* bird1.png in Resources */,
				D518A7971C51AEAD009FFC1C /* start.png in Resources */,
				D518A78F1C51AEAD009FFC1C /* pipe.png in Resources */,
				D518A78D1C51AEAD009FFC1C /* main.png in Resources */,
				D55BAFAE1C53C4340048FFE0 /* bg.png in Resources */,
				D518A7951C51AEAD009FFC1C /* ready2.png in Resources */,
				D518A77D1C51AEAD009FFC1C /* night.png in Resources */,
				D518A7811C51AEAD009FFC1C /* 06.png in Resources */,
			);
			runOnlyForDeploymentPostprocessing = 0;
		};
		D518A73F1C51A71D009FFC1C /* Resources */ = {
			isa = PBXResourcesBuildPhase;
			buildActionMask = 2147483647;
			files = (
			);
			runOnlyForDeploymentPostprocessing = 0;
		};
/* End PBXResourcesBuildPhase section */

/* Begin PBXSourcesBuildPhase section */
		D518A7241C51A71D009FFC1C /* Sources */ = {
			isa = PBXSourcesBuildPhase;
			buildActionMask = 2147483647;
			files = (
				D53B38571C54CA5F00829D40 /* SoundTool.m in Sources */,
				D53B384A1C54A65800829D40 /* GameViewController.m in Sources */,
				D518A7341C51A71D009FFC1C /* ViewController.m in Sources */,
				D53B384D1C54A97000829D40 /* RateViewController.m in Sources */,
				D52CAFA81C54EDBB00E1128F /* DataTool.m in Sources */,
				D518A72E1C51A71D009FFC1C /* main.m in Sources */,
				D53B385C1C54CA8900829D40 /* AppDelegate.m in Sources */,
			);
			runOnlyForDeploymentPostprocessing = 0;
		};
		D518A73D1C51A71D009FFC1C /* Sources */ = {
			isa = PBXSourcesBuildPhase;
			buildActionMask = 2147483647;
			files = (
				D518A7481C51A71D009FFC1C /* flappyBirdTests.m in Sources */,
			);
			runOnlyForDeploymentPostprocessing = 0;
		};
/* End PBXSourcesBuildPhase section */

/* Begin PBXTargetDependency section */
		D518A7431C51A71D009FFC1C /* PBXTargetDependency */ = {
			isa = PBXTargetDependency;
			target = D518A7271C51A71D009FFC1C /* flappyBird */;
			targetProxy = D518A7421C51A71D009FFC1C /* PBXContainerItemProxy */;
		};
/* End PBXTargetDependency section */

/* Begin PBXVariantGroup section */
		D518A73A1C51A71D009FFC1C /* LaunchScreen.xib */ = {
			isa = PBXVariantGroup;
			children = (
				D518A73B1C51A71D009FFC1C /* Base */,
			);
			name = LaunchScreen.xib;
			sourceTree = "<group>";
		};
/* End PBXVariantGroup section */

/* Begin XCBuildConfiguration section */
		D518A7491C51A71D009FFC1C /* Debug */ = {
			isa = XCBuildConfiguration;
			buildSettings = {
				ALWAYS_SEARCH_USER_PATHS = NO;
				CLANG_CXX_LANGUAGE_STANDARD = "gnu++0x";
				CLANG_CXX_LIBRARY = "libc++";
				CLANG_ENABLE_MODULES = YES;
				CLANG_ENABLE_OBJC_ARC = YES;
				CLANG_WARN_BOOL_CONVERSION = YES;
				CLANG_WARN_CONSTANT_CONVERSION = YES;
				CLANG_WARN_DIRECT_OBJC_ISA_USAGE = YES_ERROR;
				CLANG_WARN_EMPTY_BODY = YES;
				CLANG_WARN_ENUM_CONVERSION = YES;
				CLANG_WARN_INT_CONVERSION = YES;
				CLANG_WARN_OBJC_ROOT_CLASS = YES_ERROR;
				CLANG_WARN_UNREACHABLE_CODE = YES;
				CLANG_WARN__DUPLICATE_METHOD_MATCH = YES;
				"CODE_SIGN_IDENTITY[sdk=iphoneos*]" = "iPhone Developer";
				COPY_PHASE_STRIP = NO;
				DEBUG_INFORMATION_FORMAT = "dwarf-with-dsym";
				ENABLE_STRICT_OBJC_MSGSEND = YES;
				GCC_C_LANGUAGE_STANDARD = gnu99;
				GCC_DYNAMIC_NO_PIC = NO;
				GCC_NO_COMMON_BLOCKS = YES;
				GCC_OPTIMIZATION_LEVEL = 0;
				GCC_PREPROCESSOR_DEFINITIONS = (
					"DEBUG=1",
					"$(inherited)",
				);
				GCC_SYMBOLS_PRIVATE_EXTERN = NO;
				GCC_WARN_64_TO_32_BIT_CONVERSION = YES;
				GCC_WARN_ABOUT_RETURN_TYPE = YES_ERROR;
				GCC_WARN_UNDECLARED_SELECTOR = YES;
				GCC_WARN_UNINITIALIZED_AUTOS = YES_AGGRESSIVE;
				GCC_WARN_UNUSED_FUNCTION = YES;
				GCC_WARN_UNUSED_VARIABLE = YES;
				IPHONEOS_DEPLOYMENT_TARGET = 8.4;
				MTL_ENABLE_DEBUG_INFO = YES;
				ONLY_ACTIVE_ARCH = YES;
				SDKROOT = iphoneos;
			};
			name = Debug;
		};
		D518A74A1C51A71D009FFC1C /* Release */ = {
			isa = XCBuildConfiguration;
			buildSettings = {
				ALWAYS_SEARCH_USER_PATHS = NO;
				CLANG_CXX_LANGUAGE_STANDARD = "gnu++0x";
				CLANG_CXX_LIBRARY = "libc++";
				CLANG_ENABLE_MODULES = YES;
				CLANG_ENABLE_OBJC_ARC = YES;
				CLANG_WARN_BOOL_CONVERSION = YES;
				CLANG_WARN_CONSTANT_CONVERSION = YES;
				CLANG_WARN_DIRECT_OBJC_ISA_USAGE = YES_ERROR;
				CLANG_WARN_EMPTY_BODY = YES;
				CLANG_WARN_ENUM_CONVERSION = YES;
				CLANG_WARN_INT_CONVERSION = YES;
				CLANG_WARN_OBJC_ROOT_CLASS = YES_ERROR;
				CLANG_WARN_UNREACHABLE_CODE = YES;
				CLANG_WARN__DUPLICATE_METHOD_MATCH = YES;
				"CODE_SIGN_IDENTITY[sdk=iphoneos*]" = "iPhone Developer";
				COPY_PHASE_STRIP = NO;
				DEBUG_INFORMATION_FORMAT = "dwarf-with-dsym";
				ENABLE_NS_ASSERTIONS = NO;
				ENABLE_STRICT_OBJC_MSGSEND = YES;
				GCC_C_LANGUAGE_STANDARD = gnu99;
				GCC_NO_COMMON_BLOCKS = YES;
				GCC_WARN_64_TO_32_BIT_CONVERSION = YES;
				GCC_WARN_ABOUT_RETURN_TYPE = YES_ERROR;
				GCC_WARN_UNDECLARED_SELECTOR = YES;
				GCC_WARN_UNINITIALIZED_AUTOS = YES_AGGRESSIVE;
				GCC_WARN_UNUSED_FUNCTION = YES;
				GCC_WARN_UNUSED_VARIABLE = YES;
				IPHONEOS_DEPLOYMENT_TARGET = 8.4;
				MTL_ENABLE_DEBUG_INFO = NO;
				SDKROOT = iphoneos;
				VALIDATE_PRODUCT = YES;
			};
			name = Release;
		};
		D518A74C1C51A71D009FFC1C /* Debug */ = {
			isa = XCBuildConfiguration;
			buildSettings = {
				ASSETCATALOG_COMPILER_APPICON_NAME = AppIcon;
				INFOPLIST_FILE = flappyBird/Info.plist;
				LD_RUNPATH_SEARCH_PATHS = "$(inherited) @executable_path/Frameworks";
				PRODUCT_NAME = "$(TARGET_NAME)";
			};
			name = Debug;
		};
		D518A74D1C51A71D009FFC1C /* Release */ = {
			isa = XCBuildConfiguration;
			buildSettings = {
				ASSETCATALOG_COMPILER_APPICON_NAME = AppIcon;
				INFOPLIST_FILE = flappyBird/Info.plist;
				LD_RUNPATH_SEARCH_PATHS = "$(inherited) @executable_path/Frameworks";
				PRODUCT_NAME = "$(TARGET_NAME)";
			};
			name = Release;
		};
		D518A74F1C51A71D009FFC1C /* Debug */ = {
			isa = XCBuildConfiguration;
			buildSettings = {
				BUNDLE_LOADER = "$(TEST_HOST)";
				FRAMEWORK_SEARCH_PATHS = (
					"$(SDKROOT)/Developer/Library/Frameworks",
					"$(inherited)",
				);
				GCC_PREPROCESSOR_DEFINITIONS = (
					"DEBUG=1",
					"$(inherited)",
				);
				INFOPLIST_FILE = flappyBirdTests/Info.plist;
				LD_RUNPATH_SEARCH_PATHS = "$(inherited) @executable_path/Frameworks @loader_path/Frameworks";
				PRODUCT_NAME = "$(TARGET_NAME)";
				TEST_HOST = "$(BUILT_PRODUCTS_DIR)/flappyBird.app/flappyBird";
			};
			name = Debug;
		};
		D518A7501C51A71D009FFC1C /* Release */ = {
			isa = XCBuildConfiguration;
			buildSettings = {
				BUNDLE_LOADER = "$(TEST_HOST)";
				FRAMEWORK_SEARCH_PATHS = (
					"$(SDKROOT)/Developer/Library/Frameworks",
					"$(inherited)",
				);
				INFOPLIST_FILE = flappyBirdTests/Info.plist;
				LD_RUNPATH_SEARCH_PATHS = "$(inherited) @executable_path/Frameworks @loader_path/Frameworks";
				PRODUCT_NAME = "$(TARGET_NAME)";
				TEST_HOST = "$(BUILT_PRODUCTS_DIR)/flappyBird.app/flappyBird";
			};
			name = Release;
		};
/* End XCBuildConfiguration section */

/* Begin XCConfigurationList section */
		D518A7231C51A71D009FFC1C /* Build configuration list for PBXProject "flappyBird" */ = {
			isa = XCConfigurationList;
			buildConfigurations = (
				D518A7491C51A71D009FFC1C /* Debug */,
				D518A74A1C51A71D009FFC1C /* Release */,
			);
			defaultConfigurationIsVisible = 0;
			defaultConfigurationName = Release;
		};
		D518A74B1C51A71D009FFC1C /* Build configuration list for PBXNativeTarget "flappyBird" */ = {
			isa = XCConfigurationList;
			buildConfigurations = (
				D518A74C1C51A71D009FFC1C /* Debug */,
				D518A74D1C51A71D009FFC1C /* Release */,
			);
			defaultConfigurationIsVisible = 0;
			defaultConfigurationName = Release;
		};
		D518A74E1C51A71D009FFC1C /* Build configuration list for PBXNativeTarget "flappyBirdTests" */ = {
			isa = XCConfigurationList;
			buildConfigurations = (
				D518A74F1C51A71D009FFC1C /* Debug */,
				D518A7501C51A71D009FFC1C /* Release */,
			);
			defaultConfigurationIsVisible = 0;
			defaultConfigurationName = Release;
		};
/* End XCConfigurationList section */
	};
	rootObject = D518A7201C51A71D009FFC1C /* Project object */;
}
